{
  "version": 4,
  "terraform_version": "1.12.2",
  "serial": 9,
  "lineage": "37be37c2-88bd-7e0c-63c3-c6c881cc4b24",
  "outputs": {
    "ips": {
      "value": {
        "nat_external_ip": "158.160.97.58",
        "nat_internal_ip": "192.168.10.254",
        "private_internal_ip": "192.168.20.14",
        "public_external_ip": "158.160.111.250",
        "public_internal_ip": "192.168.10.32"
      },
      "type": [
        "object",
        {
          "nat_external_ip": "string",
          "nat_internal_ip": "string",
          "private_internal_ip": "string",
          "public_external_ip": "string",
          "public_internal_ip": "string"
        }
      ]
    }
  },
  "resources": [
    {
      "mode": "managed",
      "type": "yandex_compute_instance",
      "name": "nat-instance",
      "provider": "provider[\"registry.terraform.io/yandex-cloud/yandex\"]",
      "instances": [
        {
          "schema_version": 1,
          "attributes": {
            "allow_recreate": null,
            "allow_stopping_for_update": null,
            "boot_disk": [
              {
                "auto_delete": true,
                "device_name": "fhmetji49pjoo2lfdrmp",
                "disk_id": "fhmetji49pjoo2lfdrmp",
                "initialize_params": [
                  {
                    "block_size": 4096,
                    "description": "",
                    "image_id": "fd80mrhj8fl2oe87o4e1",
                    "kms_key_id": "",
                    "name": "",
                    "size": 20,
                    "snapshot_id": "",
                    "type": "network-hdd"
                  }
                ],
                "mode": "READ_WRITE"
              }
            ],
            "created_at": "2025-10-05T12:34:52Z",
            "description": "",
            "filesystem": [],
            "folder_id": "b1ggvs5gfmh3tqvj537v",
            "fqdn": "fhm806n5ei6ji08hp899.auto.internal",
            "gpu_cluster_id": "",
            "hardware_generation": [
              {
                "generation2_features": [],
                "legacy_features": [
                  {
                    "pci_topology": "PCI_TOPOLOGY_V1"
                  }
                ]
              }
            ],
            "hostname": "",
            "id": "fhm806n5ei6ji08hp899",
            "labels": null,
            "local_disk": [],
            "maintenance_grace_period": "",
            "maintenance_policy": null,
            "metadata": {
              "ssh-keys": "ubuntu:ssh-rsa AAAAB3NzaC1yc2EAAAADAQABAAABgQDEDLFZ63sHrWDcOeeCGTS2lkTzg/ABgMzdVl51f9x4NXBAGPUGeDy9IE9CdBIxgLwQUefW3r6gQsnDQ8sZSgDZVPKVH9o1u4lN+rQolnt0Dc/7vOcfmYa9DecuCgbi0PDsnMYixJmHxWBgMTxW/kbpxaq1bGbSSfkVej6OznvBLJBqMsgbo2G8kJTN4UNkMODBTaaBldqktXpU7Z4zOD99kDlwtNC7qNHPNWoNIkWAt/pGTfCuXedAK/Fwu8xUzPEDzkwooQAr18KawhTdOK/UsTxV5Y97MKFHQ13q2gs+rFQgdfEyLV6iVkALK6q1bXGy+cUk2phUMt79grO1wlQN3+UzjWufn1dw8zlXKrPnnJIFie4s+LzFMy8tM6Y6XmkPp32Qhb2AjBlpfGD1UmkZMtnbiro6LeS6HV6630YclXXW/OtN0RtzA/FzBTLyxNgKo6v28rOnru7V558ycdUsKaZ3PH9qdbKxYWasViv8QeVwW0RKTibGR1XpREnVbMU= avt548499@HPEliteBook845G7NotebookPCd4391f11\n"
            },
            "metadata_options": [
              {
                "aws_v1_http_endpoint": 1,
                "aws_v1_http_token": 2,
                "gce_http_endpoint": 1,
                "gce_http_token": 1
              }
            ],
            "name": "nat-instance",
            "network_acceleration_type": "standard",
            "network_interface": [
              {
                "dns_record": [],
                "index": 0,
                "ip_address": "192.168.10.254",
                "ipv4": true,
                "ipv6": false,
                "ipv6_address": "",
                "ipv6_dns_record": [],
                "mac_address": "d0:0d:80:1a:e5:74",
                "nat": true,
                "nat_dns_record": [],
                "nat_ip_address": "158.160.97.58",
                "nat_ip_version": "IPV4",
                "security_group_ids": null,
                "subnet_id": "e9b1jc3s4aah9otkigu4"
              }
            ],
            "placement_policy": [
              {
                "host_affinity_rules": [],
                "placement_group_id": "",
                "placement_group_partition": 0
              }
            ],
            "platform_id": "standard-v1",
            "resources": [
              {
                "core_fraction": 100,
                "cores": 2,
                "gpus": 0,
                "memory": 2
              }
            ],
            "scheduling_policy": [
              {
                "preemptible": false
              }
            ],
            "secondary_disk": [],
            "service_account_id": "",
            "status": "running",
            "timeouts": null,
            "zone": "ru-central1-a"
          },
          "sensitive_attributes": [],
          "identity_schema_version": 0,
          "private": "eyJlMmJmYjczMC1lY2FhLTExZTYtOGY4OC0zNDM2M2JjN2M0YzAiOnsiY3JlYXRlIjozMDAwMDAwMDAwMDAsImRlbGV0ZSI6MzAwMDAwMDAwMDAwLCJ1cGRhdGUiOjMwMDAwMDAwMDAwMH0sInNjaGVtYV92ZXJzaW9uIjoiMSJ9",
          "dependencies": [
            "yandex_vpc_network.network-vpc",
            "yandex_vpc_subnet.public"
          ]
        }
      ]
    },
    {
      "mode": "managed",
      "type": "yandex_compute_instance",
      "name": "private-instance",
      "provider": "provider[\"registry.terraform.io/yandex-cloud/yandex\"]",
      "instances": [
        {
          "schema_version": 1,
          "attributes": {
            "allow_recreate": null,
            "allow_stopping_for_update": null,
            "boot_disk": [
              {
                "auto_delete": true,
                "device_name": "fhmepjsknmthtg9mkcc6",
                "disk_id": "fhmepjsknmthtg9mkcc6",
                "initialize_params": [
                  {
                    "block_size": 4096,
                    "description": "",
                    "image_id": "fd8kdq6d0p8sij7h5qe3",
                    "kms_key_id": "",
                    "name": "",
                    "size": 20,
                    "snapshot_id": "",
                    "type": "network-hdd"
                  }
                ],
                "mode": "READ_WRITE"
              }
            ],
            "created_at": "2025-10-05T12:35:54Z",
            "description": "",
            "filesystem": [],
            "folder_id": "b1ggvs5gfmh3tqvj537v",
            "fqdn": "fhm8t70rdpjkp84b4koq.auto.internal",
            "gpu_cluster_id": "",
            "hardware_generation": [
              {
                "generation2_features": [],
                "legacy_features": [
                  {
                    "pci_topology": "PCI_TOPOLOGY_V1"
                  }
                ]
              }
            ],
            "hostname": "",
            "id": "fhm8t70rdpjkp84b4koq",
            "labels": null,
            "local_disk": [],
            "maintenance_grace_period": "",
            "maintenance_policy": null,
            "metadata": {
              "ssh-keys": "ubuntu:ssh-rsa AAAAB3NzaC1yc2EAAAADAQABAAABgQDEDLFZ63sHrWDcOeeCGTS2lkTzg/ABgMzdVl51f9x4NXBAGPUGeDy9IE9CdBIxgLwQUefW3r6gQsnDQ8sZSgDZVPKVH9o1u4lN+rQolnt0Dc/7vOcfmYa9DecuCgbi0PDsnMYixJmHxWBgMTxW/kbpxaq1bGbSSfkVej6OznvBLJBqMsgbo2G8kJTN4UNkMODBTaaBldqktXpU7Z4zOD99kDlwtNC7qNHPNWoNIkWAt/pGTfCuXedAK/Fwu8xUzPEDzkwooQAr18KawhTdOK/UsTxV5Y97MKFHQ13q2gs+rFQgdfEyLV6iVkALK6q1bXGy+cUk2phUMt79grO1wlQN3+UzjWufn1dw8zlXKrPnnJIFie4s+LzFMy8tM6Y6XmkPp32Qhb2AjBlpfGD1UmkZMtnbiro6LeS6HV6630YclXXW/OtN0RtzA/FzBTLyxNgKo6v28rOnru7V558ycdUsKaZ3PH9qdbKxYWasViv8QeVwW0RKTibGR1XpREnVbMU= avt548499@HPEliteBook845G7NotebookPCd4391f11\n"
            },
            "metadata_options": [
              {
                "aws_v1_http_endpoint": 1,
                "aws_v1_http_token": 2,
                "gce_http_endpoint": 1,
                "gce_http_token": 1
              }
            ],
            "name": "private-instance",
            "network_acceleration_type": "standard",
            "network_interface": [
              {
                "dns_record": [],
                "index": 0,
                "ip_address": "192.168.20.14",
                "ipv4": true,
                "ipv6": false,
                "ipv6_address": "",
                "ipv6_dns_record": [],
                "mac_address": "d0:0d:8e:9c:1b:6e",
                "nat": false,
                "nat_dns_record": [],
                "nat_ip_address": "",
                "nat_ip_version": "",
                "security_group_ids": null,
                "subnet_id": "e9bs8anp02r5650os8df"
              }
            ],
            "placement_policy": [
              {
                "host_affinity_rules": [],
                "placement_group_id": "",
                "placement_group_partition": 0
              }
            ],
            "platform_id": "standard-v1",
            "resources": [
              {
                "core_fraction": 100,
                "cores": 2,
                "gpus": 0,
                "memory": 2
              }
            ],
            "scheduling_policy": [
              {
                "preemptible": false
              }
            ],
            "secondary_disk": [],
            "service_account_id": "",
            "status": "running",
            "timeouts": null,
            "zone": "ru-central1-a"
          },
          "sensitive_attributes": [],
          "identity_schema_version": 0,
          "private": "eyJlMmJmYjczMC1lY2FhLTExZTYtOGY4OC0zNDM2M2JjN2M0YzAiOnsiY3JlYXRlIjozMDAwMDAwMDAwMDAsImRlbGV0ZSI6MzAwMDAwMDAwMDAwLCJ1cGRhdGUiOjMwMDAwMDAwMDAwMH0sInNjaGVtYV92ZXJzaW9uIjoiMSJ9",
          "dependencies": [
            "yandex_compute_instance.nat-instance",
            "yandex_vpc_network.network-vpc",
            "yandex_vpc_route_table.private_egress",
            "yandex_vpc_subnet.private",
            "yandex_vpc_subnet.public"
          ]
        }
      ]
    },
    {
      "mode": "managed",
      "type": "yandex_compute_instance",
      "name": "public-instance",
      "provider": "provider[\"registry.terraform.io/yandex-cloud/yandex\"]",
      "instances": [
        {
          "schema_version": 1,
          "attributes": {
            "allow_recreate": null,
            "allow_stopping_for_update": null,
            "boot_disk": [
              {
                "auto_delete": true,
                "device_name": "fhmmqg410k56jfrbuvp8",
                "disk_id": "fhmmqg410k56jfrbuvp8",
                "initialize_params": [
                  {
                    "block_size": 4096,
                    "description": "",
                    "image_id": "fd8kdq6d0p8sij7h5qe3",
                    "kms_key_id": "",
                    "name": "",
                    "size": 20,
                    "snapshot_id": "",
                    "type": "network-hdd"
                  }
                ],
                "mode": "READ_WRITE"
              }
            ],
            "created_at": "2025-10-05T12:34:52Z",
            "description": "",
            "filesystem": [],
            "folder_id": "b1ggvs5gfmh3tqvj537v",
            "fqdn": "fhm6lkmgbphhu0dco2ms.auto.internal",
            "gpu_cluster_id": "",
            "hardware_generation": [
              {
                "generation2_features": [],
                "legacy_features": [
                  {
                    "pci_topology": "PCI_TOPOLOGY_V1"
                  }
                ]
              }
            ],
            "hostname": "",
            "id": "fhm6lkmgbphhu0dco2ms",
            "labels": null,
            "local_disk": [],
            "maintenance_grace_period": "",
            "maintenance_policy": null,
            "metadata": {
              "ssh-keys": "ubuntu:ssh-rsa AAAAB3NzaC1yc2EAAAADAQABAAABgQDEDLFZ63sHrWDcOeeCGTS2lkTzg/ABgMzdVl51f9x4NXBAGPUGeDy9IE9CdBIxgLwQUefW3r6gQsnDQ8sZSgDZVPKVH9o1u4lN+rQolnt0Dc/7vOcfmYa9DecuCgbi0PDsnMYixJmHxWBgMTxW/kbpxaq1bGbSSfkVej6OznvBLJBqMsgbo2G8kJTN4UNkMODBTaaBldqktXpU7Z4zOD99kDlwtNC7qNHPNWoNIkWAt/pGTfCuXedAK/Fwu8xUzPEDzkwooQAr18KawhTdOK/UsTxV5Y97MKFHQ13q2gs+rFQgdfEyLV6iVkALK6q1bXGy+cUk2phUMt79grO1wlQN3+UzjWufn1dw8zlXKrPnnJIFie4s+LzFMy8tM6Y6XmkPp32Qhb2AjBlpfGD1UmkZMtnbiro6LeS6HV6630YclXXW/OtN0RtzA/FzBTLyxNgKo6v28rOnru7V558ycdUsKaZ3PH9qdbKxYWasViv8QeVwW0RKTibGR1XpREnVbMU= avt548499@HPEliteBook845G7NotebookPCd4391f11\n"
            },
            "metadata_options": [
              {
                "aws_v1_http_endpoint": 1,
                "aws_v1_http_token": 2,
                "gce_http_endpoint": 1,
                "gce_http_token": 1
              }
            ],
            "name": "public-instance",
            "network_acceleration_type": "standard",
            "network_interface": [
              {
                "dns_record": [],
                "index": 0,
                "ip_address": "192.168.10.32",
                "ipv4": true,
                "ipv6": false,
                "ipv6_address": "",
                "ipv6_dns_record": [],
                "mac_address": "d0:0d:6a:d2:d0:5e",
                "nat": true,
                "nat_dns_record": [],
                "nat_ip_address": "158.160.111.250",
                "nat_ip_version": "IPV4",
                "security_group_ids": null,
                "subnet_id": "e9b1jc3s4aah9otkigu4"
              }
            ],
            "placement_policy": [
              {
                "host_affinity_rules": [],
                "placement_group_id": "",
                "placement_group_partition": 0
              }
            ],
            "platform_id": "standard-v1",
            "resources": [
              {
                "core_fraction": 100,
                "cores": 2,
                "gpus": 0,
                "memory": 2
              }
            ],
            "scheduling_policy": [
              {
                "preemptible": false
              }
            ],
            "secondary_disk": [],
            "service_account_id": "",
            "status": "running",
            "timeouts": null,
            "zone": "ru-central1-a"
          },
          "sensitive_attributes": [],
          "identity_schema_version": 0,
          "private": "eyJlMmJmYjczMC1lY2FhLTExZTYtOGY4OC0zNDM2M2JjN2M0YzAiOnsiY3JlYXRlIjozMDAwMDAwMDAwMDAsImRlbGV0ZSI6MzAwMDAwMDAwMDAwLCJ1cGRhdGUiOjMwMDAwMDAwMDAwMH0sInNjaGVtYV92ZXJzaW9uIjoiMSJ9",
          "dependencies": [
            "yandex_vpc_network.network-vpc",
            "yandex_vpc_subnet.public"
          ]
        }
      ]
    },
    {
      "mode": "managed",
      "type": "yandex_vpc_network",
      "name": "network-vpc",
      "provider": "provider[\"registry.terraform.io/yandex-cloud/yandex\"]",
      "instances": [
        {
          "schema_version": 0,
          "attributes": {
            "created_at": "2025-10-05T12:34:49Z",
            "default_security_group_id": "enpevdvre4dfbi4cls7a",
            "description": "",
            "folder_id": "b1ggvs5gfmh3tqvj537v",
            "id": "enpcanvtkfh8tsud0kc7",
            "labels": {},
            "name": "network-vpc",
            "subnet_ids": [],
            "timeouts": null
          },
          "sensitive_attributes": [],
          "identity_schema_version": 0,
          "private": "eyJlMmJmYjczMC1lY2FhLTExZTYtOGY4OC0zNDM2M2JjN2M0YzAiOnsiY3JlYXRlIjo2MDAwMDAwMDAwMCwiZGVsZXRlIjo2MDAwMDAwMDAwMCwidXBkYXRlIjo2MDAwMDAwMDAwMH19"
        }
      ]
    },
    {
      "mode": "managed",
      "type": "yandex_vpc_route_table",
      "name": "private_egress",
      "provider": "provider[\"registry.terraform.io/yandex-cloud/yandex\"]",
      "instances": [
        {
          "schema_version": 0,
          "attributes": {
            "created_at": "2025-10-05T12:35:53Z",
            "description": "",
            "folder_id": "b1ggvs5gfmh3tqvj537v",
            "id": "enpgi686otq4p4o1bc3r",
            "labels": {},
            "name": "private_egress",
            "network_id": "enpcanvtkfh8tsud0kc7",
            "static_route": [
              {
                "destination_prefix": "0.0.0.0/0",
                "gateway_id": "",
                "next_hop_address": "192.168.10.254"
              }
            ],
            "timeouts": null
          },
          "sensitive_attributes": [],
          "identity_schema_version": 0,
          "private": "eyJlMmJmYjczMC1lY2FhLTExZTYtOGY4OC0zNDM2M2JjN2M0YzAiOnsiY3JlYXRlIjoxODAwMDAwMDAwMDAsImRlbGV0ZSI6MTgwMDAwMDAwMDAwLCJ1cGRhdGUiOjE4MDAwMDAwMDAwMH19",
          "dependencies": [
            "yandex_compute_instance.nat-instance",
            "yandex_vpc_network.network-vpc",
            "yandex_vpc_subnet.public"
          ]
        }
      ]
    },
    {
      "mode": "managed",
      "type": "yandex_vpc_subnet",
      "name": "private",
      "provider": "provider[\"registry.terraform.io/yandex-cloud/yandex\"]",
      "instances": [
        {
          "schema_version": 0,
          "attributes": {
            "created_at": "2025-10-05T12:35:54Z",
            "description": "",
            "dhcp_options": [],
            "folder_id": "b1ggvs5gfmh3tqvj537v",
            "id": "e9bs8anp02r5650os8df",
            "labels": {},
            "name": "subnet_private",
            "network_id": "enpcanvtkfh8tsud0kc7",
            "route_table_id": "enpgi686otq4p4o1bc3r",
            "timeouts": null,
            "v4_cidr_blocks": [
              "192.168.20.0/24"
            ],
            "v6_cidr_blocks": [],
            "zone": "ru-central1-a"
          },
          "sensitive_attributes": [],
          "identity_schema_version": 0,
          "private": "eyJlMmJmYjczMC1lY2FhLTExZTYtOGY4OC0zNDM2M2JjN2M0YzAiOnsiY3JlYXRlIjoxODAwMDAwMDAwMDAsImRlbGV0ZSI6MTgwMDAwMDAwMDAwLCJ1cGRhdGUiOjE4MDAwMDAwMDAwMH19",
          "dependencies": [
            "yandex_compute_instance.nat-instance",
            "yandex_vpc_network.network-vpc",
            "yandex_vpc_route_table.private_egress",
            "yandex_vpc_subnet.public"
          ]
        }
      ]
    },
    {
      "mode": "managed",
      "type": "yandex_vpc_subnet",
      "name": "public",
      "provider": "provider[\"registry.terraform.io/yandex-cloud/yandex\"]",
      "instances": [
        {
          "schema_version": 0,
          "attributes": {
            "created_at": "2025-10-05T12:34:51Z",
            "description": "",
            "dhcp_options": [],
            "folder_id": "b1ggvs5gfmh3tqvj537v",
            "id": "e9b1jc3s4aah9otkigu4",
            "labels": {},
            "name": "subnet-public",
            "network_id": "enpcanvtkfh8tsud0kc7",
            "route_table_id": "",
            "timeouts": null,
            "v4_cidr_blocks": [
              "192.168.10.0/24"
            ],
            "v6_cidr_blocks": [],
            "zone": "ru-central1-a"
          },
          "sensitive_attributes": [],
          "identity_schema_version": 0,
          "private": "eyJlMmJmYjczMC1lY2FhLTExZTYtOGY4OC0zNDM2M2JjN2M0YzAiOnsiY3JlYXRlIjoxODAwMDAwMDAwMDAsImRlbGV0ZSI6MTgwMDAwMDAwMDAwLCJ1cGRhdGUiOjE4MDAwMDAwMDAwMH19",
          "dependencies": [
            "yandex_vpc_network.network-vpc"
          ]
        }
      ]
    }
  ],
  "check_results": null
}
